
Microsoft Visual Studio Solution File, Format Version 12.00
# Visual Studio 15
VisualStudioVersion = 15.0.27703.2042
MinimumVisualStudioVersion = 10.0.40219.1
Project("{FAE04EC0-301F-11D3-BF4B-00C04F79EFBC}") = "leotext2", "leotext2\leotext2.csproj", "{CBD8C3C3-D2DF-4D5A-AEE3-753F8CDA6A17}"
EndProject
Global
	GlobalSection(SolutionConfigurationPlatforms) = preSolution
		Debug|Any CPU = Debug|Any CPU
		Release|Any CPU = Release|Any CPU
	EndGlobalSection
	GlobalSection(ProjectConfigurationPlatforms) = postSolution
		{CBD8C3C3-D2DF-4D5A-AEE3-753F8CDA6A17}.Debug|Any CPU.ActiveCfg = Debug|Any CPU
		{CBD8C3C3-D2DF-4D5A-AEE3-753F8CDA6A17}.Debug|Any CPU.Build.0 = Debug|Any CPU
		{CBD8C3C3-D2DF-4D5A-AEE3-753F8CDA6A17}.Release|Any CPU.ActiveCfg = Release|Any CPU
		{CBD8C3C3-D2DF-4D5A-AEE3-753F8CDA6A17}.Release|Any CPU.Build.0 = Release|Any CPU
	EndGlobalSection
	GlobalSection(SolutionProperties) = preSolution
		HideSolutionNode = FALSE
	EndGlobalSection
	GlobalSection(ExtensibilityGlobals) = postSolution
		SolutionGuid = {B9B2256D-09A7-4116-96FE-EE050CA19D0C}
	EndGlobalSection
EndGlobal
